
Microsoft Visual Studio Solution File, Format Version 12.00
# Visual Studio 15
VisualStudioVersion = 15.0.28307.136
MinimumVisualStudioVersion = 10.0.40219.1
Project("{FAE04EC0-301F-11D3-BF4B-00C04F79EFBC}") = "Komplexe Zahlen", "Komplexe Zahlen\Komplexe Zahlen.csproj", "{3B68D0FF-1787-4E8F-912F-FB31649C9F2C}"
EndProject
Global
	GlobalSection(SolutionConfigurationPlatforms) = preSolution
		Debug|Any CPU = Debug|Any CPU
		Release|Any CPU = Release|Any CPU
	EndGlobalSection
	GlobalSection(ProjectConfigurationPlatforms) = postSolution
		{3B68D0FF-1787-4E8F-912F-FB31649C9F2C}.Debug|Any CPU.ActiveCfg = Debug|Any CPU
		{3B68D0FF-1787-4E8F-912F-FB31649C9F2C}.Debug|Any CPU.Build.0 = Debug|Any CPU
		{3B68D0FF-1787-4E8F-912F-FB31649C9F2C}.Release|Any CPU.ActiveCfg = Release|Any CPU
		{3B68D0FF-1787-4E8F-912F-FB31649C9F2C}.Release|Any CPU.Build.0 = Release|Any CPU
	EndGlobalSection
	GlobalSection(SolutionProperties) = preSolution
		HideSolutionNode = FALSE
	EndGlobalSection
	GlobalSection(ExtensibilityGlobals) = postSolution
		SolutionGuid = {3A162D26-838C-4279-BB79-A8A0753317A0}
	EndGlobalSection
EndGlobal
